<?xml version="1.0" encoding="utf-8"?>
<Project ToolsVersion="4.0" xmlns="http://schemas.microsoft.com/developer/msbuild/2003">
  <ItemGroup>
    <Filter Include="Source Files">
      <UniqueIdentifier>{4FC737F1-C7A5-4376-A066-2A32D752A2FF}</UniqueIdentifier>
      <Extensions>cpp;c;cc;cxx;def;odl;idl;hpj;bat;asm;asmx</Extensions>
    </Filter>
    <Filter Include="Header Files">
      <UniqueIdentifier>{93995380-89BD-4b04-88EB-625FBE52EBFB}</UniqueIdentifier>
      <Extensions>h;hh;hpp;hxx;hm;inl;inc;xsd</Extensions>
    </Filter>
    <Filter Include="Resource Files">
      <UniqueIdentifier>{67DA6AB6-F800-4c08-8B7A-83BB121AAD01}</UniqueIdentifier>
      <Extensions>rc;ico;cur;bmp;dlg;rc2;rct;bin;rgs;gif;jpg;jpeg;jpe;resx;tiff;tif;png;wav;mfcribbon-ms</Extensions>
    </Filter>
  </ItemGroup>
  <ItemGroup>
    <ClCompile Include="AM_AMD.cpp">
      <Filter>Source Files</Filter>
    </ClCompile>
    <ClCompile Include="AM_Bezier.cpp">
      <Filter>Source Files</Filter>
    </ClCompile>
    <ClCompile Include="AM_BoneController.cpp">
      <Filter>Source Files</Filter>
    </ClCompile>
    <ClCompile Include="AM_BoneNew.cpp">
      <Filter>Source Files</Filter>
    </ClCompile>
    <ClCompile Include="AM_BulletPhysics.cpp">
      <Filter>Source Files</Filter>
    </ClCompile>
    <ClCompile Include="AM_Camera.cpp">
      <Filter>Source Files</Filter>
    </ClCompile>
    <ClCompile Include="AM_Constraint.cpp">
      <Filter>Source Files</Filter>
    </ClCompile>
    <ClCompile Include="AM_Extended.cpp">
      <Filter>Source Files</Filter>
    </ClCompile>
    <ClCompile Include="AM_Fader.cpp">
      <Filter>Source Files</Filter>
    </ClCompile>
    <ClCompile Include="AM_IK.cpp">
      <Filter>Source Files</Filter>
    </ClCompile>
    <ClCompile Include="AM_Light.cpp">
      <Filter>Source Files</Filter>
    </ClCompile>
    <ClCompile Include="AM_Model.cpp">
      <Filter>Source Files</Filter>
    </ClCompile>
    <ClCompile Include="AM_Morph.cpp">
      <Filter>Source Files</Filter>
    </ClCompile>
    <ClCompile Include="AM_Motion.cpp">
      <Filter>Source Files</Filter>
    </ClCompile>
    <ClCompile Include="AM_PhysicsDebug.cpp">
      <Filter>Source Files</Filter>
    </ClCompile>
    <ClCompile Include="AM_Pmd.cpp">
      <Filter>Source Files</Filter>
    </ClCompile>
    <ClCompile Include="AM_PMX.cpp">
      <Filter>Source Files</Filter>
    </ClCompile>
    <ClCompile Include="AM_RigidBody.cpp">
      <Filter>Source Files</Filter>
    </ClCompile>
    <ClCompile Include="AM_Screen.cpp">
      <Filter>Source Files</Filter>
    </ClCompile>
    <ClCompile Include="AM_Settings.cpp">
      <Filter>Source Files</Filter>
    </ClCompile>
    <ClCompile Include="AM_TGALoader.cpp">
      <Filter>Source Files</Filter>
    </ClCompile>
    <ClCompile Include="AM_Utils.cpp">
      <Filter>Source Files</Filter>
    </ClCompile>
    <ClCompile Include="AM_VMD.cpp">
      <Filter>Source Files</Filter>
    </ClCompile>
    <ClCompile Include="MotionController.cpp">
      <Filter>Source Files</Filter>
    </ClCompile>
    <ClCompile Include="PMD_Textures.cpp">
      <Filter>Source Files</Filter>
    </ClCompile>
  </ItemGroup>
  <ItemGroup>
    <ClInclude Include="AM_AMD.h">
      <Filter>Header Files</Filter>
    </ClInclude>
    <ClInclude Include="AM_Bezier.h">
      <Filter>Header Files</Filter>
    </ClInclude>
    <ClInclude Include="AM_BoneController.h">
      <Filter>Header Files</Filter>
    </ClInclude>
    <ClInclude Include="AM_BoneNew.h">
      <Filter>Header Files</Filter>
    </ClInclude>
    <ClInclude Include="AM_BulletPhysics.h">
      <Filter>Header Files</Filter>
    </ClInclude>
    <ClInclude Include="AM_Cache.h">
      <Filter>Header Files</Filter>
    </ClInclude>
    <ClInclude Include="AM_Camera.h">
      <Filter>Header Files</Filter>
    </ClInclude>
    <ClInclude Include="AM_Constraint.h">
      <Filter>Header Files</Filter>
    </ClInclude>
    <ClInclude Include="AM_Extended.h">
      <Filter>Header Files</Filter>
    </ClInclude>
    <ClInclude Include="AM_Fader.h">
      <Filter>Header Files</Filter>
    </ClInclude>
    <ClInclude Include="AM_IK.h">
      <Filter>Header Files</Filter>
    </ClInclude>
    <ClInclude Include="AM_Light.h">
      <Filter>Header Files</Filter>
    </ClInclude>
    <ClInclude Include="AM_Manager.h">
      <Filter>Header Files</Filter>
    </ClInclude>
    <ClInclude Include="AM_Model.h">
      <Filter>Header Files</Filter>
    </ClInclude>
    <ClInclude Include="AM_Morph.h">
      <Filter>Header Files</Filter>
    </ClInclude>
    <ClInclude Include="AM_Motion.h">
      <Filter>Header Files</Filter>
    </ClInclude>
    <ClInclude Include="AM_PhysicsDebug.h">
      <Filter>Header Files</Filter>
    </ClInclude>
    <ClInclude Include="AM_PMD.h">
      <Filter>Header Files</Filter>
    </ClInclude>
    <ClInclude Include="AM_PMX.h">
      <Filter>Header Files</Filter>
    </ClInclude>
    <ClInclude Include="AM_RigidBody.h">
      <Filter>Header Files</Filter>
    </ClInclude>
    <ClInclude Include="AM_Screen.h">
      <Filter>Header Files</Filter>
    </ClInclude>
    <ClInclude Include="AM_Settings.h">
      <Filter>Header Files</Filter>
    </ClInclude>
    <ClInclude Include="AM_TGALoader.h">
      <Filter>Header Files</Filter>
    </ClInclude>
    <ClInclude Include="AM_Utils.h">
      <Filter>Header Files</Filter>
    </ClInclude>
    <ClInclude Include="AM_VMD.h">
      <Filter>Header Files</Filter>
    </ClInclude>
    <ClInclude Include="AMTypes.h">
      <Filter>Header Files</Filter>
    </ClInclude>
    <ClInclude Include="MotionController.h">
      <Filter>Header Files</Filter>
    </ClInclude>
    <ClInclude Include="PMD_Textures.h">
      <Filter>Header Files</Filter>
    </ClInclude>
  </ItemGroup>
</Project>